
Microsoft Visual Studio Solution File, Format Version 12.00
# Visual Studio Version 16
VisualStudioVersion = 16.0.31605.320
MinimumVisualStudioVersion = 10.0.40219.1
Project("{FAE04EC0-301F-11D3-BF4B-00C04F79EFBC}") = "TepePortal.WebLayer", "TepePortal.WebLayer.csproj", "{69B31F32-BF33-4467-85E0-5CF41D4D571B}"
EndProject
Project("{FAE04EC0-301F-11D3-BF4B-00C04F79EFBC}") = "TepePortal.DataLayer", "..\TepePortal.DataLayer\TepePortal.DataLayer.csproj", "{EAAE640B-996C-4E3E-BFAA-20D677F744B4}"
EndProject
Project("{FAE04EC0-301F-11D3-BF4B-00C04F79EFBC}") = "TepePortal.EntityLayer", "..\TepePortal.EntityLayer\TepePortal.EntityLayer.csproj", "{90C3204D-0DB5-4442-9AA0-DCD5E0F58908}"
EndProject
Global
	GlobalSection(SolutionConfigurationPlatforms) = preSolution
		Debug|Any CPU = Debug|Any CPU
		Release|Any CPU = Release|Any CPU
	EndGlobalSection
	GlobalSection(ProjectConfigurationPlatforms) = postSolution
		{69B31F32-BF33-4467-85E0-5CF41D4D571B}.Debug|Any CPU.ActiveCfg = Debug|Any CPU
		{69B31F32-BF33-4467-85E0-5CF41D4D571B}.Debug|Any CPU.Build.0 = Debug|Any CPU
		{69B31F32-BF33-4467-85E0-5CF41D4D571B}.Release|Any CPU.ActiveCfg = Release|Any CPU
		{69B31F32-BF33-4467-85E0-5CF41D4D571B}.Release|Any CPU.Build.0 = Release|Any CPU
		{EAAE640B-996C-4E3E-BFAA-20D677F744B4}.Debug|Any CPU.ActiveCfg = Debug|Any CPU
		{EAAE640B-996C-4E3E-BFAA-20D677F744B4}.Debug|Any CPU.Build.0 = Debug|Any CPU
		{EAAE640B-996C-4E3E-BFAA-20D677F744B4}.Release|Any CPU.ActiveCfg = Release|Any CPU
		{EAAE640B-996C-4E3E-BFAA-20D677F744B4}.Release|Any CPU.Build.0 = Release|Any CPU
		{90C3204D-0DB5-4442-9AA0-DCD5E0F58908}.Debug|Any CPU.ActiveCfg = Debug|Any CPU
		{90C3204D-0DB5-4442-9AA0-DCD5E0F58908}.Debug|Any CPU.Build.0 = Debug|Any CPU
		{90C3204D-0DB5-4442-9AA0-DCD5E0F58908}.Release|Any CPU.ActiveCfg = Release|Any CPU
		{90C3204D-0DB5-4442-9AA0-DCD5E0F58908}.Release|Any CPU.Build.0 = Release|Any CPU
	EndGlobalSection
	GlobalSection(SolutionProperties) = preSolution
		HideSolutionNode = FALSE
	EndGlobalSection
	GlobalSection(ExtensibilityGlobals) = postSolution
		SolutionGuid = {7DFA1CEB-4E27-416F-938E-A352F146806E}
	EndGlobalSection
EndGlobal
